
Microsoft Visual Studio Solution File, Format Version 12.00
# Visual Studio 15
VisualStudioVersion = 15.0.28307.168
MinimumVisualStudioVersion = 10.0.40219.1
Project("{9092AA53-FB77-4645-B42D-1CCCA6BD08BD}") = "VuejsApp3", "VuejsApp3\VuejsApp3.njsproj", "{6666F93D-1100-4156-9DEC-3400A3BDABD5}"
EndProject
Global
	GlobalSection(SolutionConfigurationPlatforms) = preSolution
		Debug|Any CPU = Debug|Any CPU
		Release|Any CPU = Release|Any CPU
	EndGlobalSection
	GlobalSection(ProjectConfigurationPlatforms) = postSolution
		{6666F93D-1100-4156-9DEC-3400A3BDABD5}.Debug|Any CPU.ActiveCfg = Debug|Any CPU
		{6666F93D-1100-4156-9DEC-3400A3BDABD5}.Debug|Any CPU.Build.0 = Debug|Any CPU
		{6666F93D-1100-4156-9DEC-3400A3BDABD5}.Release|Any CPU.ActiveCfg = Release|Any CPU
		{6666F93D-1100-4156-9DEC-3400A3BDABD5}.Release|Any CPU.Build.0 = Release|Any CPU
	EndGlobalSection
	GlobalSection(SolutionProperties) = preSolution
		HideSolutionNode = FALSE
	EndGlobalSection
	GlobalSection(ExtensibilityGlobals) = postSolution
		SolutionGuid = {45051255-8D0A-4CC6-AEA5-A2B7E76FA387}
	EndGlobalSection
EndGlobal
